<?xml version="1.0" encoding="utf-8"?>
<Project ToolsVersion="4.0" xmlns="http://schemas.microsoft.com/developer/msbuild/2003">
  <ItemGroup>
    <Filter Include="Source Files">
      <UniqueIdentifier>{4FC737F1-C7A5-4376-A066-2A32D752A2FF}</UniqueIdentifier>
      <Extensions>cpp;c;cc;cxx;def;odl;idl;hpj;bat;asm;asmx</Extensions>
    </Filter>
    <Filter Include="Header Files">
      <UniqueIdentifier>{93995380-89BD-4b04-88EB-625FBE52EBFB}</UniqueIdentifier>
      <Extensions>h;hh;hpp;hxx;hm;inl;inc;xsd</Extensions>
    </Filter>
    <Filter Include="Resource Files">
      <UniqueIdentifier>{67DA6AB6-F800-4c08-8B7A-83BB121AAD01}</UniqueIdentifier>
      <Extensions>rc;ico;cur;bmp;dlg;rc2;rct;bin;rgs;gif;jpg;jpeg;jpe;resx;tiff;tif;png;wav;mfcribbon-ms</Extensions>
    </Filter>
  </ItemGroup>
  <ItemGroup>
    <ClInclude Include="ShaperProcessor.h">
      <Filter>Header Files</Filter>
    </ClInclude>
    <ClInclude Include="resource.h">
      <Filter>Header Files</Filter>
    </ClInclude>
    <ClInclude Include="ShaperProcessorImp.h">
      <Filter>Header Files</Filter>
    </ClInclude>
    <ClInclude Include="ShaperFilterImp.h">
      <Filter>Header Files</Filter>
    </ClInclude>
    <ClInclude Include="ShaperFFTImp.h">
      <Filter>Header Files</Filter>
    </ClInclude>
    <ClInclude Include="ShaperTransformImp.h">
      <Filter>Header Files</Filter>
    </ClInclude>
    <ClInclude Include="ShaperIntensityImp.h">
      <Filter>Header Files</Filter>
    </ClInclude>
    <ClInclude Include="ShaperMorphologyImp.h">
      <Filter>Header Files</Filter>
    </ClInclude>
    <ClInclude Include="ShaperCorrectionImp.h">
      <Filter>Header Files</Filter>
    </ClInclude>
  </ItemGroup>
  <ItemGroup>
    <ClCompile Include="ShaperProcessor.cpp">
      <Filter>Source Files</Filter>
    </ClCompile>
    <ClCompile Include="ShaperProcessorImp.cpp">
      <Filter>Source Files</Filter>
    </ClCompile>
    <ClCompile Include="ShaperFilterImp.cpp">
      <Filter>Source Files</Filter>
    </ClCompile>
    <ClCompile Include="ShaperFFTImp.cpp">
      <Filter>Source Files</Filter>
    </ClCompile>
    <ClCompile Include="ShaperTransformImp.cpp">
      <Filter>Source Files</Filter>
    </ClCompile>
    <ClCompile Include="ShaperIntensityImp.cpp">
      <Filter>Source Files</Filter>
    </ClCompile>
    <ClCompile Include="ShaperMorphologyImp.cpp">
      <Filter>Source Files</Filter>
    </ClCompile>
    <ClCompile Include="ShaperCorrectionImp.cpp">
      <Filter>Source Files</Filter>
    </ClCompile>
  </ItemGroup>
  <ItemGroup>
    <None Include="ShaperProcessor.def">
      <Filter>Source Files</Filter>
    </None>
  </ItemGroup>
</Project>